
Microsoft Visual Studio Solution File, Format Version 12.00
# Visual Studio 2013
VisualStudioVersion = 12.0.31101.0
MinimumVisualStudioVersion = 10.0.40219.1
Project("{2150E333-8FDC-42A3-9474-1A3956D46DE8}") = "DataAccessProxy", "DataAccessProxy", "{C2E7B5D7-A3F5-484D-AD91-4AA95E0893B6}"
EndProject
Project("{2150E333-8FDC-42A3-9474-1A3956D46DE8}") = "Common", "Common", "{5B20F6FD-8C48-43C3-8EE7-6F8145ABEB64}"
EndProject
Project("{2150E333-8FDC-42A3-9474-1A3956D46DE8}") = "Solution Items", "Solution Items", "{0F4F6D40-FD90-4B22-8BBA-825179690CC4}"
	ProjectSection(SolutionItems) = preProject
		Local.testsettings = Local.testsettings
		Proxy.vsmdi = Proxy.vsmdi
		TraceAndTestImpact.testsettings = TraceAndTestImpact.testsettings
	EndProjectSection
EndProject
Project("{FAE04EC0-301F-11D3-BF4B-00C04F79EFBC}") = "Proxy", "Proxy\Proxy.csproj", "{F9E7BE9F-B931-4CA2-A70B-40AF871FAFCA}"
EndProject
Project("{FAE04EC0-301F-11D3-BF4B-00C04F79EFBC}") = "CF.VRent.Log", "CF.VWProxy.Log\CF.VRent.Log.csproj", "{EFAE21A7-F88B-453F-9577-B5D95E668B21}"
EndProject
Project("{FAE04EC0-301F-11D3-BF4B-00C04F79EFBC}") = "CF.VRent.Entities", "CF.VRent.Entities\CF.VRent.Entities.csproj", "{4C6F31B4-C072-4170-B577-4520CAC428A1}"
	ProjectSection(ProjectDependencies) = postProject
		{51A402B5-5BC1-4B19-9B1C-2040EA6F6935} = {51A402B5-5BC1-4B19-9B1C-2040EA6F6935}
	EndProjectSection
EndProject
Project("{FAE04EC0-301F-11D3-BF4B-00C04F79EFBC}") = "CF.VRent.WCFExtension", "CF.VRent.WCFExtension\CF.VRent.WCFExtension.csproj", "{2CBA6992-917D-4159-ADDC-C7A18DBDB7C0}"
EndProject
Project("{FAE04EC0-301F-11D3-BF4B-00C04F79EFBC}") = "CF.VRent.Common", "CF.VRent.Common\CF.VRent.Common.csproj", "{41DBB86D-A3C2-444F-9FB7-BFC7DB49809F}"
EndProject
Project("{FAE04EC0-301F-11D3-BF4B-00C04F79EFBC}") = "CF.VRent.DAL", "CF.VRent.DAL\CF.VRent.DAL.csproj", "{040A47D1-0E33-48B3-AFBB-EA78847E8D75}"
EndProject
Project("{FAE04EC0-301F-11D3-BF4B-00C04F79EFBC}") = "CF.VRent.Contract", "CF.VRent.Contract\CF.VRent.Contract.csproj", "{ABCF5631-8676-49C0-93A0-740FC25BC203}"
EndProject
Project("{FAE04EC0-301F-11D3-BF4B-00C04F79EFBC}") = "ProxyTest", "ProxyTest\ProxyTest.csproj", "{8464D555-67AD-4086-BDCB-5F60BE5FBB39}"
EndProject
Project("{FAE04EC0-301F-11D3-BF4B-00C04F79EFBC}") = "CF.VRent.BLL", "CF.VRent.BLL\CF.VRent.BLL.csproj", "{33664721-EB2D-4561-9FC8-FD0F35C61653}"
EndProject
Project("{2150E333-8FDC-42A3-9474-1A3956D46DE8}") = "Proxy", "Proxy", "{E0B1917E-7F4E-4578-B973-A8361A940BD9}"
EndProject
Project("{FAE04EC0-301F-11D3-BF4B-00C04F79EFBC}") = "CF.VRent.DataAccessProxy.Entities", "CF.Vrent.DataAccessProxy.Entities\CF.VRent.DataAccessProxy.Entities.csproj", "{7305F136-8384-457F-8C2F-26CEC5738F24}"
EndProject
Project("{FAE04EC0-301F-11D3-BF4B-00C04F79EFBC}") = "CF.VRent.DataAccessProxyTest", "CF.VRent.DataAccessProxyTest\CF.VRent.DataAccessProxyTest.csproj", "{35163399-48F7-4CA6-9330-0A60404B7B6C}"
EndProject
Project("{FAE04EC0-301F-11D3-BF4B-00C04F79EFBC}") = "CF.VRent.UPSDK", "CF.VRent.UPSDK\CF.VRent.UPSDK.csproj", "{8135E279-0854-4DD6-B155-81FF9A98F332}"
EndProject
Project("{FAE04EC0-301F-11D3-BF4B-00C04F79EFBC}") = "CF.VRent.DataAccessProxy", "CF.VRent.DataAccessProxy\CF.VRent.DataAccessProxy.csproj", "{51A402B5-5BC1-4B19-9B1C-2040EA6F6935}"
EndProject
Project("{FAE04EC0-301F-11D3-BF4B-00C04F79EFBC}") = "UnionPayTest", "UnionPayTest\UnionPayTest.csproj", "{C89269A5-7F0D-461D-AFB0-2B67BF18F866}"
EndProject
Project("{2150E333-8FDC-42A3-9474-1A3956D46DE8}") = "Tools", "Tools", "{D8BF7577-9052-484D-AAAD-7880A44B5555}"
EndProject
Project("{FAE04EC0-301F-11D3-BF4B-00C04F79EFBC}") = "DeductionScheduleJob", "PaymentScheduleJob\DeductionScheduleJob.csproj", "{2E5711DC-41D0-45F9-98E7-2BF0F8C896CD}"
	ProjectSection(ProjectDependencies) = postProject
		{51A402B5-5BC1-4B19-9B1C-2040EA6F6935} = {51A402B5-5BC1-4B19-9B1C-2040EA6F6935}
	EndProjectSection
EndProject
Project("{FAE04EC0-301F-11D3-BF4B-00C04F79EFBC}") = "DeductionScheduleJobListener", "DeductionScheduleJobListener\DeductionScheduleJobListener.csproj", "{E231821B-8B40-4D36-AEE4-1C4BFA81AE40}"
	ProjectSection(ProjectDependencies) = postProject
		{51A402B5-5BC1-4B19-9B1C-2040EA6F6935} = {51A402B5-5BC1-4B19-9B1C-2040EA6F6935}
	EndProjectSection
EndProject
Project("{FAE04EC0-301F-11D3-BF4B-00C04F79EFBC}") = "CF.VRent.Job", "CF.VRent.Job\CF.VRent.Job.csproj", "{48A6567E-F05B-4844-B5F8-020B006ECB7D}"
	ProjectSection(ProjectDependencies) = postProject
		{51A402B5-5BC1-4B19-9B1C-2040EA6F6935} = {51A402B5-5BC1-4B19-9B1C-2040EA6F6935}
	EndProjectSection
EndProject
Project("{2150E333-8FDC-42A3-9474-1A3956D46DE8}") = "DataBase", "DataBase", "{A018F5C7-9895-44EA-9AD5-C3FCD97C49AC}"
EndProject
Project("{00D1A9C2-B5F0-4AF3-8072-F6C62B433612}") = "CF.VRent.DB", "CF.VRent.DB\CF.VRent.DB.sqlproj", "{80E69D5A-61E5-4730-924E-AD82CB3A2043}"
EndProject
Project("{2150E333-8FDC-42A3-9474-1A3956D46DE8}") = "AutoDeploy", "AutoDeploy", "{610762E8-D284-4012-B7BA-192036CE241C}"
	ProjectSection(SolutionItems) = preProject
		AutoDeploy\ReInstallScheduleJob.bat = AutoDeploy\ReInstallScheduleJob.bat
		AutoDeploy\VRent.csproj = AutoDeploy\VRent.csproj
		AutoDeploy\VRentBackup.bat = AutoDeploy\VRentBackup.bat
		AutoDeploy\VRentCopyApp.bat = AutoDeploy\VRentCopyApp.bat
		AutoDeploy\VRentDeploy.bat = AutoDeploy\VRentDeploy.bat
	EndProjectSection
EndProject
Project("{FAE04EC0-301F-11D3-BF4B-00C04F79EFBC}") = "CF.VRent.UserStatus", "CF.VRent.UserStatus\CF.VRent.UserStatus.csproj", "{575A89E7-C47E-4870-85E2-B3B24A171257}"
EndProject
Project("{FAE04EC0-301F-11D3-BF4B-00C04F79EFBC}") = "CF.VRent.UserRole", "CF.VRent.UserRole\CF.VRent.UserRole.csproj", "{5D0D4314-C7E7-4C48-B571-3D5A25A9A3A9}"
EndProject
Project("{FAE04EC0-301F-11D3-BF4B-00C04F79EFBC}") = "CF.VRent.UserCompany", "CF.VRent.UserCompany\CF.VRent.UserCompany.csproj", "{DC34403A-70AB-4131-9528-467378702A20}"
EndProject
Project("{FAE04EC0-301F-11D3-BF4B-00C04F79EFBC}") = "CF.VRent.Email", "CF.VRent.Email\CF.VRent.Email.csproj", "{357504F1-3A28-4148-9865-3A41204D2BB5}"
EndProject
Project("{FAE04EC0-301F-11D3-BF4B-00C04F79EFBC}") = "CF.VRent.SAPSDK", "CF.VRent.SAPSDK\CF.VRent.SAPSDK.csproj", "{4B39B8C4-125A-4781-B344-C463493CEFAA}"
EndProject
Project("{2150E333-8FDC-42A3-9474-1A3956D46DE8}") = "Tools", "Tools", "{921478AB-3CDF-4611-B4E8-1954FDDB968F}"
	ProjectSection(SolutionItems) = preProject
		AutoDeploy\Tools\BuildStaging.bat = AutoDeploy\Tools\BuildStaging.bat
		AutoDeploy\Tools\VRentStaging.csproj = AutoDeploy\Tools\VRentStaging.csproj
	EndProjectSection
EndProject
Project("{2150E333-8FDC-42A3-9474-1A3956D46DE8}") = "Targets", "Targets", "{BA9F3C4D-091B-470B-85D3-33EE475E2E6F}"
	ProjectSection(SolutionItems) = preProject
		AutoDeploy\Targets\CommonItems.targets = AutoDeploy\Targets\CommonItems.targets
		AutoDeploy\Targets\CommonProperties.targets = AutoDeploy\Targets\CommonProperties.targets
		AutoDeploy\Targets\InitCommonProperties.targets = AutoDeploy\Targets\InitCommonProperties.targets
	EndProjectSection
EndProject
Project("{FAE04EC0-301F-11D3-BF4B-00C04F79EFBC}") = "CF.VRent.Cache", "CF.VRent.Cache\CF.VRent.Cache.csproj", "{AD33CB69-1A29-4D3D-8EE0-D9CF4D53B45D}"
EndProject
Global
	GlobalSection(SolutionConfigurationPlatforms) = preSolution
		Debug|Any CPU = Debug|Any CPU
		Debug|ARM = Debug|ARM
		Debug|x64 = Debug|x64
		Debug|x86 = Debug|x86
		Release|Any CPU = Release|Any CPU
		Release|ARM = Release|ARM
		Release|x64 = Release|x64
		Release|x86 = Release|x86
	EndGlobalSection
	GlobalSection(ProjectConfigurationPlatforms) = postSolution
		{F9E7BE9F-B931-4CA2-A70B-40AF871FAFCA}.Debug|Any CPU.ActiveCfg = Debug|Any CPU
		{F9E7BE9F-B931-4CA2-A70B-40AF871FAFCA}.Debug|Any CPU.Build.0 = Debug|Any CPU
		{F9E7BE9F-B931-4CA2-A70B-40AF871FAFCA}.Debug|ARM.ActiveCfg = Debug|Any CPU
		{F9E7BE9F-B931-4CA2-A70B-40AF871FAFCA}.Debug|x64.ActiveCfg = Debug|Any CPU
		{F9E7BE9F-B931-4CA2-A70B-40AF871FAFCA}.Debug|x86.ActiveCfg = Debug|Any CPU
		{F9E7BE9F-B931-4CA2-A70B-40AF871FAFCA}.Release|Any CPU.ActiveCfg = Release|Any CPU
		{F9E7BE9F-B931-4CA2-A70B-40AF871FAFCA}.Release|Any CPU.Build.0 = Release|Any CPU
		{F9E7BE9F-B931-4CA2-A70B-40AF871FAFCA}.Release|ARM.ActiveCfg = Release|Any CPU
		{F9E7BE9F-B931-4CA2-A70B-40AF871FAFCA}.Release|x64.ActiveCfg = Release|Any CPU
		{F9E7BE9F-B931-4CA2-A70B-40AF871FAFCA}.Release|x86.ActiveCfg = Release|Any CPU
		{EFAE21A7-F88B-453F-9577-B5D95E668B21}.Debug|Any CPU.ActiveCfg = Debug|Any CPU
		{EFAE21A7-F88B-453F-9577-B5D95E668B21}.Debug|Any CPU.Build.0 = Debug|Any CPU
		{EFAE21A7-F88B-453F-9577-B5D95E668B21}.Debug|ARM.ActiveCfg = Debug|Any CPU
		{EFAE21A7-F88B-453F-9577-B5D95E668B21}.Debug|x64.ActiveCfg = Debug|Any CPU
		{EFAE21A7-F88B-453F-9577-B5D95E668B21}.Debug|x86.ActiveCfg = Debug|Any CPU
		{EFAE21A7-F88B-453F-9577-B5D95E668B21}.Release|Any CPU.ActiveCfg = Release|Any CPU
		{EFAE21A7-F88B-453F-9577-B5D95E668B21}.Release|Any CPU.Build.0 = Release|Any CPU
		{EFAE21A7-F88B-453F-9577-B5D95E668B21}.Release|ARM.ActiveCfg = Release|Any CPU
		{EFAE21A7-F88B-453F-9577-B5D95E668B21}.Release|x64.ActiveCfg = Release|Any CPU
		{EFAE21A7-F88B-453F-9577-B5D95E668B21}.Release|x86.ActiveCfg = Release|Any CPU
		{4C6F31B4-C072-4170-B577-4520CAC428A1}.Debug|Any CPU.ActiveCfg = Debug|Any CPU
		{4C6F31B4-C072-4170-B577-4520CAC428A1}.Debug|Any CPU.Build.0 = Debug|Any CPU
		{4C6F31B4-C072-4170-B577-4520CAC428A1}.Debug|ARM.ActiveCfg = Debug|Any CPU
		{4C6F31B4-C072-4170-B577-4520CAC428A1}.Debug|x64.ActiveCfg = Debug|Any CPU
		{4C6F31B4-C072-4170-B577-4520CAC428A1}.Debug|x86.ActiveCfg = Debug|Any CPU
		{4C6F31B4-C072-4170-B577-4520CAC428A1}.Release|Any CPU.ActiveCfg = Release|Any CPU
		{4C6F31B4-C072-4170-B577-4520CAC428A1}.Release|Any CPU.Build.0 = Release|Any CPU
		{4C6F31B4-C072-4170-B577-4520CAC428A1}.Release|ARM.ActiveCfg = Release|Any CPU
		{4C6F31B4-C072-4170-B577-4520CAC428A1}.Release|x64.ActiveCfg = Release|Any CPU
		{4C6F31B4-C072-4170-B577-4520CAC428A1}.Release|x86.ActiveCfg = Release|Any CPU
		{2CBA6992-917D-4159-ADDC-C7A18DBDB7C0}.Debug|Any CPU.ActiveCfg = Debug|Any CPU
		{2CBA6992-917D-4159-ADDC-C7A18DBDB7C0}.Debug|Any CPU.Build.0 = Debug|Any CPU
		{2CBA6992-917D-4159-ADDC-C7A18DBDB7C0}.Debug|ARM.ActiveCfg = Debug|Any CPU
		{2CBA6992-917D-4159-ADDC-C7A18DBDB7C0}.Debug|x64.ActiveCfg = Debug|Any CPU
		{2CBA6992-917D-4159-ADDC-C7A18DBDB7C0}.Debug|x86.ActiveCfg = Debug|Any CPU
		{2CBA6992-917D-4159-ADDC-C7A18DBDB7C0}.Release|Any CPU.ActiveCfg = Release|Any CPU
		{2CBA6992-917D-4159-ADDC-C7A18DBDB7C0}.Release|Any CPU.Build.0 = Release|Any CPU
		{2CBA6992-917D-4159-ADDC-C7A18DBDB7C0}.Release|ARM.ActiveCfg = Release|Any CPU
		{2CBA6992-917D-4159-ADDC-C7A18DBDB7C0}.Release|x64.ActiveCfg = Release|Any CPU
		{2CBA6992-917D-4159-ADDC-C7A18DBDB7C0}.Release|x86.ActiveCfg = Release|Any CPU
		{41DBB86D-A3C2-444F-9FB7-BFC7DB49809F}.Debug|Any CPU.ActiveCfg = Debug|Any CPU
		{41DBB86D-A3C2-444F-9FB7-BFC7DB49809F}.Debug|Any CPU.Build.0 = Debug|Any CPU
		{41DBB86D-A3C2-444F-9FB7-BFC7DB49809F}.Debug|ARM.ActiveCfg = Debug|Any CPU
		{41DBB86D-A3C2-444F-9FB7-BFC7DB49809F}.Debug|x64.ActiveCfg = Debug|Any CPU
		{41DBB86D-A3C2-444F-9FB7-BFC7DB49809F}.Debug|x86.ActiveCfg = Debug|Any CPU
		{41DBB86D-A3C2-444F-9FB7-BFC7DB49809F}.Release|Any CPU.ActiveCfg = Release|Any CPU
		{41DBB86D-A3C2-444F-9FB7-BFC7DB49809F}.Release|Any CPU.Build.0 = Release|Any CPU
		{41DBB86D-A3C2-444F-9FB7-BFC7DB49809F}.Release|ARM.ActiveCfg = Release|Any CPU
		{41DBB86D-A3C2-444F-9FB7-BFC7DB49809F}.Release|x64.ActiveCfg = Release|Any CPU
		{41DBB86D-A3C2-444F-9FB7-BFC7DB49809F}.Release|x86.ActiveCfg = Release|Any CPU
		{040A47D1-0E33-48B3-AFBB-EA78847E8D75}.Debug|Any CPU.ActiveCfg = Debug|Any CPU
		{040A47D1-0E33-48B3-AFBB-EA78847E8D75}.Debug|Any CPU.Build.0 = Debug|Any CPU
		{040A47D1-0E33-48B3-AFBB-EA78847E8D75}.Debug|ARM.ActiveCfg = Debug|Any CPU
		{040A47D1-0E33-48B3-AFBB-EA78847E8D75}.Debug|x64.ActiveCfg = Debug|Any CPU
		{040A47D1-0E33-48B3-AFBB-EA78847E8D75}.Debug|x86.ActiveCfg = Debug|Any CPU
		{040A47D1-0E33-48B3-AFBB-EA78847E8D75}.Release|Any CPU.ActiveCfg = Release|Any CPU
		{040A47D1-0E33-48B3-AFBB-EA78847E8D75}.Release|Any CPU.Build.0 = Release|Any CPU
		{040A47D1-0E33-48B3-AFBB-EA78847E8D75}.Release|ARM.ActiveCfg = Release|Any CPU
		{040A47D1-0E33-48B3-AFBB-EA78847E8D75}.Release|x64.ActiveCfg = Release|Any CPU
		{040A47D1-0E33-48B3-AFBB-EA78847E8D75}.Release|x86.ActiveCfg = Release|Any CPU
		{ABCF5631-8676-49C0-93A0-740FC25BC203}.Debug|Any CPU.ActiveCfg = Debug|Any CPU
		{ABCF5631-8676-49C0-93A0-740FC25BC203}.Debug|Any CPU.Build.0 = Debug|Any CPU
		{ABCF5631-8676-49C0-93A0-740FC25BC203}.Debug|ARM.ActiveCfg = Debug|Any CPU
		{ABCF5631-8676-49C0-93A0-740FC25BC203}.Debug|x64.ActiveCfg = Debug|Any CPU
		{ABCF5631-8676-49C0-93A0-740FC25BC203}.Debug|x86.ActiveCfg = Debug|Any CPU
		{ABCF5631-8676-49C0-93A0-740FC25BC203}.Release|Any CPU.ActiveCfg = Release|Any CPU
		{ABCF5631-8676-49C0-93A0-740FC25BC203}.Release|Any CPU.Build.0 = Release|Any CPU
		{ABCF5631-8676-49C0-93A0-740FC25BC203}.Release|ARM.ActiveCfg = Release|Any CPU
		{ABCF5631-8676-49C0-93A0-740FC25BC203}.Release|x64.ActiveCfg = Release|Any CPU
		{ABCF5631-8676-49C0-93A0-740FC25BC203}.Release|x86.ActiveCfg = Release|Any CPU
		{8464D555-67AD-4086-BDCB-5F60BE5FBB39}.Debug|Any CPU.ActiveCfg = Debug|Any CPU
		{8464D555-67AD-4086-BDCB-5F60BE5FBB39}.Debug|Any CPU.Build.0 = Debug|Any CPU
		{8464D555-67AD-4086-BDCB-5F60BE5FBB39}.Debug|ARM.ActiveCfg = Debug|Any CPU
		{8464D555-67AD-4086-BDCB-5F60BE5FBB39}.Debug|x64.ActiveCfg = Debug|Any CPU
		{8464D555-67AD-4086-BDCB-5F60BE5FBB39}.Debug|x86.ActiveCfg = Debug|Any CPU
		{8464D555-67AD-4086-BDCB-5F60BE5FBB39}.Release|Any CPU.ActiveCfg = Release|Any CPU
		{8464D555-67AD-4086-BDCB-5F60BE5FBB39}.Release|Any CPU.Build.0 = Release|Any CPU
		{8464D555-67AD-4086-BDCB-5F60BE5FBB39}.Release|ARM.ActiveCfg = Release|Any CPU
		{8464D555-67AD-4086-BDCB-5F60BE5FBB39}.Release|x64.ActiveCfg = Release|Any CPU
		{8464D555-67AD-4086-BDCB-5F60BE5FBB39}.Release|x86.ActiveCfg = Release|Any CPU
		{33664721-EB2D-4561-9FC8-FD0F35C61653}.Debug|Any CPU.ActiveCfg = Debug|Any CPU
		{33664721-EB2D-4561-9FC8-FD0F35C61653}.Debug|Any CPU.Build.0 = Debug|Any CPU
		{33664721-EB2D-4561-9FC8-FD0F35C61653}.Debug|ARM.ActiveCfg = Debug|Any CPU
		{33664721-EB2D-4561-9FC8-FD0F35C61653}.Debug|x64.ActiveCfg = Debug|Any CPU
		{33664721-EB2D-4561-9FC8-FD0F35C61653}.Debug|x86.ActiveCfg = Debug|Any CPU
		{33664721-EB2D-4561-9FC8-FD0F35C61653}.Release|Any CPU.ActiveCfg = Release|Any CPU
		{33664721-EB2D-4561-9FC8-FD0F35C61653}.Release|Any CPU.Build.0 = Release|Any CPU
		{33664721-EB2D-4561-9FC8-FD0F35C61653}.Release|ARM.ActiveCfg = Release|Any CPU
		{33664721-EB2D-4561-9FC8-FD0F35C61653}.Release|x64.ActiveCfg = Release|Any CPU
		{33664721-EB2D-4561-9FC8-FD0F35C61653}.Release|x86.ActiveCfg = Release|Any CPU
		{7305F136-8384-457F-8C2F-26CEC5738F24}.Debug|Any CPU.ActiveCfg = Debug|Any CPU
		{7305F136-8384-457F-8C2F-26CEC5738F24}.Debug|Any CPU.Build.0 = Debug|Any CPU
		{7305F136-8384-457F-8C2F-26CEC5738F24}.Debug|ARM.ActiveCfg = Debug|Any CPU
		{7305F136-8384-457F-8C2F-26CEC5738F24}.Debug|x64.ActiveCfg = Debug|Any CPU
		{7305F136-8384-457F-8C2F-26CEC5738F24}.Debug|x86.ActiveCfg = Debug|Any CPU
		{7305F136-8384-457F-8C2F-26CEC5738F24}.Release|Any CPU.ActiveCfg = Release|Any CPU
		{7305F136-8384-457F-8C2F-26CEC5738F24}.Release|Any CPU.Build.0 = Release|Any CPU
		{7305F136-8384-457F-8C2F-26CEC5738F24}.Release|ARM.ActiveCfg = Release|Any CPU
		{7305F136-8384-457F-8C2F-26CEC5738F24}.Release|x64.ActiveCfg = Release|Any CPU
		{7305F136-8384-457F-8C2F-26CEC5738F24}.Release|x86.ActiveCfg = Release|Any CPU
		{35163399-48F7-4CA6-9330-0A60404B7B6C}.Debug|Any CPU.ActiveCfg = Debug|Any CPU
		{35163399-48F7-4CA6-9330-0A60404B7B6C}.Debug|Any CPU.Build.0 = Debug|Any CPU
		{35163399-48F7-4CA6-9330-0A60404B7B6C}.Debug|ARM.ActiveCfg = Debug|Any CPU
		{35163399-48F7-4CA6-9330-0A60404B7B6C}.Debug|x64.ActiveCfg = Debug|Any CPU
		{35163399-48F7-4CA6-9330-0A60404B7B6C}.Debug|x86.ActiveCfg = Debug|Any CPU
		{35163399-48F7-4CA6-9330-0A60404B7B6C}.Release|Any CPU.ActiveCfg = Release|Any CPU
		{35163399-48F7-4CA6-9330-0A60404B7B6C}.Release|Any CPU.Build.0 = Release|Any CPU
		{35163399-48F7-4CA6-9330-0A60404B7B6C}.Release|ARM.ActiveCfg = Release|Any CPU
		{35163399-48F7-4CA6-9330-0A60404B7B6C}.Release|x64.ActiveCfg = Release|Any CPU
		{35163399-48F7-4CA6-9330-0A60404B7B6C}.Release|x86.ActiveCfg = Release|Any CPU
		{8135E279-0854-4DD6-B155-81FF9A98F332}.Debug|Any CPU.ActiveCfg = Debug|Any CPU
		{8135E279-0854-4DD6-B155-81FF9A98F332}.Debug|Any CPU.Build.0 = Debug|Any CPU
		{8135E279-0854-4DD6-B155-81FF9A98F332}.Debug|ARM.ActiveCfg = Debug|Any CPU
		{8135E279-0854-4DD6-B155-81FF9A98F332}.Debug|x64.ActiveCfg = Debug|Any CPU
		{8135E279-0854-4DD6-B155-81FF9A98F332}.Debug|x86.ActiveCfg = Debug|Any CPU
		{8135E279-0854-4DD6-B155-81FF9A98F332}.Release|Any CPU.ActiveCfg = Release|Any CPU
		{8135E279-0854-4DD6-B155-81FF9A98F332}.Release|Any CPU.Build.0 = Release|Any CPU
		{8135E279-0854-4DD6-B155-81FF9A98F332}.Release|ARM.ActiveCfg = Release|Any CPU
		{8135E279-0854-4DD6-B155-81FF9A98F332}.Release|x64.ActiveCfg = Release|Any CPU
		{8135E279-0854-4DD6-B155-81FF9A98F332}.Release|x86.ActiveCfg = Release|Any CPU
		{51A402B5-5BC1-4B19-9B1C-2040EA6F6935}.Debug|Any CPU.ActiveCfg = Debug|Any CPU
		{51A402B5-5BC1-4B19-9B1C-2040EA6F6935}.Debug|Any CPU.Build.0 = Debug|Any CPU
		{51A402B5-5BC1-4B19-9B1C-2040EA6F6935}.Debug|ARM.ActiveCfg = Debug|Any CPU
		{51A402B5-5BC1-4B19-9B1C-2040EA6F6935}.Debug|x64.ActiveCfg = Debug|Any CPU
		{51A402B5-5BC1-4B19-9B1C-2040EA6F6935}.Debug|x86.ActiveCfg = Debug|Any CPU
		{51A402B5-5BC1-4B19-9B1C-2040EA6F6935}.Release|Any CPU.ActiveCfg = Release|Any CPU
		{51A402B5-5BC1-4B19-9B1C-2040EA6F6935}.Release|Any CPU.Build.0 = Release|Any CPU
		{51A402B5-5BC1-4B19-9B1C-2040EA6F6935}.Release|ARM.ActiveCfg = Release|Any CPU
		{51A402B5-5BC1-4B19-9B1C-2040EA6F6935}.Release|x64.ActiveCfg = Release|Any CPU
		{51A402B5-5BC1-4B19-9B1C-2040EA6F6935}.Release|x86.ActiveCfg = Release|Any CPU
		{C89269A5-7F0D-461D-AFB0-2B67BF18F866}.Debug|Any CPU.ActiveCfg = Debug|Any CPU
		{C89269A5-7F0D-461D-AFB0-2B67BF18F866}.Debug|Any CPU.Build.0 = Debug|Any CPU
		{C89269A5-7F0D-461D-AFB0-2B67BF18F866}.Debug|ARM.ActiveCfg = Debug|Any CPU
		{C89269A5-7F0D-461D-AFB0-2B67BF18F866}.Debug|x64.ActiveCfg = Debug|Any CPU
		{C89269A5-7F0D-461D-AFB0-2B67BF18F866}.Debug|x86.ActiveCfg = Debug|Any CPU
		{C89269A5-7F0D-461D-AFB0-2B67BF18F866}.Release|Any CPU.ActiveCfg = Release|Any CPU
		{C89269A5-7F0D-461D-AFB0-2B67BF18F866}.Release|Any CPU.Build.0 = Release|Any CPU
		{C89269A5-7F0D-461D-AFB0-2B67BF18F866}.Release|ARM.ActiveCfg = Release|Any CPU
		{C89269A5-7F0D-461D-AFB0-2B67BF18F866}.Release|x64.ActiveCfg = Release|Any CPU
		{C89269A5-7F0D-461D-AFB0-2B67BF18F866}.Release|x86.ActiveCfg = Release|Any CPU
		{2E5711DC-41D0-45F9-98E7-2BF0F8C896CD}.Debug|Any CPU.ActiveCfg = Debug|Any CPU
		{2E5711DC-41D0-45F9-98E7-2BF0F8C896CD}.Debug|Any CPU.Build.0 = Debug|Any CPU
		{2E5711DC-41D0-45F9-98E7-2BF0F8C896CD}.Debug|ARM.ActiveCfg = Debug|Any CPU
		{2E5711DC-41D0-45F9-98E7-2BF0F8C896CD}.Debug|x64.ActiveCfg = Debug|Any CPU
		{2E5711DC-41D0-45F9-98E7-2BF0F8C896CD}.Debug|x86.ActiveCfg = Debug|Any CPU
		{2E5711DC-41D0-45F9-98E7-2BF0F8C896CD}.Release|Any CPU.ActiveCfg = Release|Any CPU
		{2E5711DC-41D0-45F9-98E7-2BF0F8C896CD}.Release|Any CPU.Build.0 = Release|Any CPU
		{2E5711DC-41D0-45F9-98E7-2BF0F8C896CD}.Release|ARM.ActiveCfg = Release|Any CPU
		{2E5711DC-41D0-45F9-98E7-2BF0F8C896CD}.Release|x64.ActiveCfg = Release|Any CPU
		{2E5711DC-41D0-45F9-98E7-2BF0F8C896CD}.Release|x86.ActiveCfg = Release|Any CPU
		{E231821B-8B40-4D36-AEE4-1C4BFA81AE40}.Debug|Any CPU.ActiveCfg = Debug|Any CPU
		{E231821B-8B40-4D36-AEE4-1C4BFA81AE40}.Debug|Any CPU.Build.0 = Debug|Any CPU
		{E231821B-8B40-4D36-AEE4-1C4BFA81AE40}.Debug|ARM.ActiveCfg = Debug|Any CPU
		{E231821B-8B40-4D36-AEE4-1C4BFA81AE40}.Debug|x64.ActiveCfg = Debug|Any CPU
		{E231821B-8B40-4D36-AEE4-1C4BFA81AE40}.Debug|x86.ActiveCfg = Debug|Any CPU
		{E231821B-8B40-4D36-AEE4-1C4BFA81AE40}.Release|Any CPU.ActiveCfg = Release|Any CPU
		{E231821B-8B40-4D36-AEE4-1C4BFA81AE40}.Release|Any CPU.Build.0 = Release|Any CPU
		{E231821B-8B40-4D36-AEE4-1C4BFA81AE40}.Release|ARM.ActiveCfg = Release|Any CPU
		{E231821B-8B40-4D36-AEE4-1C4BFA81AE40}.Release|x64.ActiveCfg = Release|Any CPU
		{E231821B-8B40-4D36-AEE4-1C4BFA81AE40}.Release|x86.ActiveCfg = Release|Any CPU
		{48A6567E-F05B-4844-B5F8-020B006ECB7D}.Debug|Any CPU.ActiveCfg = Debug|Any CPU
		{48A6567E-F05B-4844-B5F8-020B006ECB7D}.Debug|Any CPU.Build.0 = Debug|Any CPU
		{48A6567E-F05B-4844-B5F8-020B006ECB7D}.Debug|ARM.ActiveCfg = Debug|Any CPU
		{48A6567E-F05B-4844-B5F8-020B006ECB7D}.Debug|x64.ActiveCfg = Debug|Any CPU
		{48A6567E-F05B-4844-B5F8-020B006ECB7D}.Debug|x86.ActiveCfg = Debug|Any CPU
		{48A6567E-F05B-4844-B5F8-020B006ECB7D}.Release|Any CPU.ActiveCfg = Release|Any CPU
		{48A6567E-F05B-4844-B5F8-020B006ECB7D}.Release|Any CPU.Build.0 = Release|Any CPU
		{48A6567E-F05B-4844-B5F8-020B006ECB7D}.Release|ARM.ActiveCfg = Release|Any CPU
		{48A6567E-F05B-4844-B5F8-020B006ECB7D}.Release|x64.ActiveCfg = Release|Any CPU
		{48A6567E-F05B-4844-B5F8-020B006ECB7D}.Release|x86.ActiveCfg = Release|Any CPU
		{80E69D5A-61E5-4730-924E-AD82CB3A2043}.Debug|Any CPU.ActiveCfg = Debug|Any CPU
		{80E69D5A-61E5-4730-924E-AD82CB3A2043}.Debug|Any CPU.Build.0 = Debug|Any CPU
		{80E69D5A-61E5-4730-924E-AD82CB3A2043}.Debug|Any CPU.Deploy.0 = Debug|Any CPU
		{80E69D5A-61E5-4730-924E-AD82CB3A2043}.Debug|ARM.ActiveCfg = Debug|Any CPU
		{80E69D5A-61E5-4730-924E-AD82CB3A2043}.Debug|x64.ActiveCfg = Debug|Any CPU
		{80E69D5A-61E5-4730-924E-AD82CB3A2043}.Debug|x86.ActiveCfg = Debug|Any CPU
		{80E69D5A-61E5-4730-924E-AD82CB3A2043}.Release|Any CPU.ActiveCfg = Release|Any CPU
		{80E69D5A-61E5-4730-924E-AD82CB3A2043}.Release|Any CPU.Build.0 = Release|Any CPU
		{80E69D5A-61E5-4730-924E-AD82CB3A2043}.Release|Any CPU.Deploy.0 = Release|Any CPU
		{80E69D5A-61E5-4730-924E-AD82CB3A2043}.Release|ARM.ActiveCfg = Release|Any CPU
		{80E69D5A-61E5-4730-924E-AD82CB3A2043}.Release|x64.ActiveCfg = Release|Any CPU
		{80E69D5A-61E5-4730-924E-AD82CB3A2043}.Release|x86.ActiveCfg = Release|Any CPU
		{575A89E7-C47E-4870-85E2-B3B24A171257}.Debug|Any CPU.ActiveCfg = Debug|Any CPU
		{575A89E7-C47E-4870-85E2-B3B24A171257}.Debug|Any CPU.Build.0 = Debug|Any CPU
		{575A89E7-C47E-4870-85E2-B3B24A171257}.Debug|ARM.ActiveCfg = Debug|Any CPU
		{575A89E7-C47E-4870-85E2-B3B24A171257}.Debug|x64.ActiveCfg = Debug|Any CPU
		{575A89E7-C47E-4870-85E2-B3B24A171257}.Debug|x86.ActiveCfg = Debug|Any CPU
		{575A89E7-C47E-4870-85E2-B3B24A171257}.Release|Any CPU.ActiveCfg = Release|Any CPU
		{575A89E7-C47E-4870-85E2-B3B24A171257}.Release|Any CPU.Build.0 = Release|Any CPU
		{575A89E7-C47E-4870-85E2-B3B24A171257}.Release|ARM.ActiveCfg = Release|Any CPU
		{575A89E7-C47E-4870-85E2-B3B24A171257}.Release|x64.ActiveCfg = Release|Any CPU
		{575A89E7-C47E-4870-85E2-B3B24A171257}.Release|x86.ActiveCfg = Release|Any CPU
		{5D0D4314-C7E7-4C48-B571-3D5A25A9A3A9}.Debug|Any CPU.ActiveCfg = Debug|Any CPU
		{5D0D4314-C7E7-4C48-B571-3D5A25A9A3A9}.Debug|Any CPU.Build.0 = Debug|Any CPU
		{5D0D4314-C7E7-4C48-B571-3D5A25A9A3A9}.Debug|ARM.ActiveCfg = Debug|Any CPU
		{5D0D4314-C7E7-4C48-B571-3D5A25A9A3A9}.Debug|x64.ActiveCfg = Debug|Any CPU
		{5D0D4314-C7E7-4C48-B571-3D5A25A9A3A9}.Debug|x86.ActiveCfg = Debug|Any CPU
		{5D0D4314-C7E7-4C48-B571-3D5A25A9A3A9}.Release|Any CPU.ActiveCfg = Release|Any CPU
		{5D0D4314-C7E7-4C48-B571-3D5A25A9A3A9}.Release|Any CPU.Build.0 = Release|Any CPU
		{5D0D4314-C7E7-4C48-B571-3D5A25A9A3A9}.Release|ARM.ActiveCfg = Release|Any CPU
		{5D0D4314-C7E7-4C48-B571-3D5A25A9A3A9}.Release|x64.ActiveCfg = Release|Any CPU
		{5D0D4314-C7E7-4C48-B571-3D5A25A9A3A9}.Release|x86.ActiveCfg = Release|Any CPU
		{DC34403A-70AB-4131-9528-467378702A20}.Debug|Any CPU.ActiveCfg = Debug|Any CPU
		{DC34403A-70AB-4131-9528-467378702A20}.Debug|Any CPU.Build.0 = Debug|Any CPU
		{DC34403A-70AB-4131-9528-467378702A20}.Debug|ARM.ActiveCfg = Debug|Any CPU
		{DC34403A-70AB-4131-9528-467378702A20}.Debug|x64.ActiveCfg = Debug|Any CPU
		{DC34403A-70AB-4131-9528-467378702A20}.Debug|x86.ActiveCfg = Debug|Any CPU
		{DC34403A-70AB-4131-9528-467378702A20}.Release|Any CPU.ActiveCfg = Release|Any CPU
		{DC34403A-70AB-4131-9528-467378702A20}.Release|Any CPU.Build.0 = Release|Any CPU
		{DC34403A-70AB-4131-9528-467378702A20}.Release|ARM.ActiveCfg = Release|Any CPU
		{DC34403A-70AB-4131-9528-467378702A20}.Release|x64.ActiveCfg = Release|Any CPU
		{DC34403A-70AB-4131-9528-467378702A20}.Release|x86.ActiveCfg = Release|Any CPU
		{357504F1-3A28-4148-9865-3A41204D2BB5}.Debug|Any CPU.ActiveCfg = Debug|Any CPU
		{357504F1-3A28-4148-9865-3A41204D2BB5}.Debug|Any CPU.Build.0 = Debug|Any CPU
		{357504F1-3A28-4148-9865-3A41204D2BB5}.Debug|ARM.ActiveCfg = Debug|Any CPU
		{357504F1-3A28-4148-9865-3A41204D2BB5}.Debug|x64.ActiveCfg = Debug|Any CPU
		{357504F1-3A28-4148-9865-3A41204D2BB5}.Debug|x86.ActiveCfg = Debug|Any CPU
		{357504F1-3A28-4148-9865-3A41204D2BB5}.Release|Any CPU.ActiveCfg = Release|Any CPU
		{357504F1-3A28-4148-9865-3A41204D2BB5}.Release|Any CPU.Build.0 = Release|Any CPU
		{357504F1-3A28-4148-9865-3A41204D2BB5}.Release|ARM.ActiveCfg = Release|Any CPU
		{357504F1-3A28-4148-9865-3A41204D2BB5}.Release|x64.ActiveCfg = Release|Any CPU
		{357504F1-3A28-4148-9865-3A41204D2BB5}.Release|x86.ActiveCfg = Release|Any CPU
		{4B39B8C4-125A-4781-B344-C463493CEFAA}.Debug|Any CPU.ActiveCfg = Debug|Any CPU
		{4B39B8C4-125A-4781-B344-C463493CEFAA}.Debug|Any CPU.Build.0 = Debug|Any CPU
		{4B39B8C4-125A-4781-B344-C463493CEFAA}.Debug|ARM.ActiveCfg = Debug|Any CPU
		{4B39B8C4-125A-4781-B344-C463493CEFAA}.Debug|x64.ActiveCfg = Debug|Any CPU
		{4B39B8C4-125A-4781-B344-C463493CEFAA}.Debug|x86.ActiveCfg = Debug|Any CPU
		{4B39B8C4-125A-4781-B344-C463493CEFAA}.Release|Any CPU.ActiveCfg = Release|Any CPU
		{4B39B8C4-125A-4781-B344-C463493CEFAA}.Release|Any CPU.Build.0 = Release|Any CPU
		{4B39B8C4-125A-4781-B344-C463493CEFAA}.Release|ARM.ActiveCfg = Release|Any CPU
		{4B39B8C4-125A-4781-B344-C463493CEFAA}.Release|x64.ActiveCfg = Release|Any CPU
		{4B39B8C4-125A-4781-B344-C463493CEFAA}.Release|x86.ActiveCfg = Release|Any CPU
		{AD33CB69-1A29-4D3D-8EE0-D9CF4D53B45D}.Debug|Any CPU.ActiveCfg = Debug|Any CPU
		{AD33CB69-1A29-4D3D-8EE0-D9CF4D53B45D}.Debug|Any CPU.Build.0 = Debug|Any CPU
		{AD33CB69-1A29-4D3D-8EE0-D9CF4D53B45D}.Debug|ARM.ActiveCfg = Debug|Any CPU
		{AD33CB69-1A29-4D3D-8EE0-D9CF4D53B45D}.Debug|x64.ActiveCfg = Debug|Any CPU
		{AD33CB69-1A29-4D3D-8EE0-D9CF4D53B45D}.Debug|x86.ActiveCfg = Debug|Any CPU
		{AD33CB69-1A29-4D3D-8EE0-D9CF4D53B45D}.Release|Any CPU.ActiveCfg = Release|Any CPU
		{AD33CB69-1A29-4D3D-8EE0-D9CF4D53B45D}.Release|Any CPU.Build.0 = Release|Any CPU
		{AD33CB69-1A29-4D3D-8EE0-D9CF4D53B45D}.Release|ARM.ActiveCfg = Release|Any CPU
		{AD33CB69-1A29-4D3D-8EE0-D9CF4D53B45D}.Release|x64.ActiveCfg = Release|Any CPU
		{AD33CB69-1A29-4D3D-8EE0-D9CF4D53B45D}.Release|x86.ActiveCfg = Release|Any CPU
	EndGlobalSection
	GlobalSection(SolutionProperties) = preSolution
		HideSolutionNode = FALSE
	EndGlobalSection
	GlobalSection(NestedProjects) = preSolution
		{F9E7BE9F-B931-4CA2-A70B-40AF871FAFCA} = {E0B1917E-7F4E-4578-B973-A8361A940BD9}
		{EFAE21A7-F88B-453F-9577-B5D95E668B21} = {5B20F6FD-8C48-43C3-8EE7-6F8145ABEB64}
		{4C6F31B4-C072-4170-B577-4520CAC428A1} = {E0B1917E-7F4E-4578-B973-A8361A940BD9}
		{2CBA6992-917D-4159-ADDC-C7A18DBDB7C0} = {5B20F6FD-8C48-43C3-8EE7-6F8145ABEB64}
		{41DBB86D-A3C2-444F-9FB7-BFC7DB49809F} = {5B20F6FD-8C48-43C3-8EE7-6F8145ABEB64}
		{040A47D1-0E33-48B3-AFBB-EA78847E8D75} = {C2E7B5D7-A3F5-484D-AD91-4AA95E0893B6}
		{ABCF5631-8676-49C0-93A0-740FC25BC203} = {E0B1917E-7F4E-4578-B973-A8361A940BD9}
		{8464D555-67AD-4086-BDCB-5F60BE5FBB39} = {E0B1917E-7F4E-4578-B973-A8361A940BD9}
		{33664721-EB2D-4561-9FC8-FD0F35C61653} = {E0B1917E-7F4E-4578-B973-A8361A940BD9}
		{7305F136-8384-457F-8C2F-26CEC5738F24} = {C2E7B5D7-A3F5-484D-AD91-4AA95E0893B6}
		{35163399-48F7-4CA6-9330-0A60404B7B6C} = {C2E7B5D7-A3F5-484D-AD91-4AA95E0893B6}
		{8135E279-0854-4DD6-B155-81FF9A98F332} = {5B20F6FD-8C48-43C3-8EE7-6F8145ABEB64}
		{51A402B5-5BC1-4B19-9B1C-2040EA6F6935} = {C2E7B5D7-A3F5-484D-AD91-4AA95E0893B6}
		{C89269A5-7F0D-461D-AFB0-2B67BF18F866} = {E0B1917E-7F4E-4578-B973-A8361A940BD9}
		{2E5711DC-41D0-45F9-98E7-2BF0F8C896CD} = {D8BF7577-9052-484D-AAAD-7880A44B5555}
		{E231821B-8B40-4D36-AEE4-1C4BFA81AE40} = {D8BF7577-9052-484D-AAAD-7880A44B5555}
		{48A6567E-F05B-4844-B5F8-020B006ECB7D} = {D8BF7577-9052-484D-AAAD-7880A44B5555}
		{80E69D5A-61E5-4730-924E-AD82CB3A2043} = {A018F5C7-9895-44EA-9AD5-C3FCD97C49AC}
		{575A89E7-C47E-4870-85E2-B3B24A171257} = {5B20F6FD-8C48-43C3-8EE7-6F8145ABEB64}
		{5D0D4314-C7E7-4C48-B571-3D5A25A9A3A9} = {5B20F6FD-8C48-43C3-8EE7-6F8145ABEB64}
		{DC34403A-70AB-4131-9528-467378702A20} = {5B20F6FD-8C48-43C3-8EE7-6F8145ABEB64}
		{357504F1-3A28-4148-9865-3A41204D2BB5} = {5B20F6FD-8C48-43C3-8EE7-6F8145ABEB64}
		{4B39B8C4-125A-4781-B344-C463493CEFAA} = {5B20F6FD-8C48-43C3-8EE7-6F8145ABEB64}
		{921478AB-3CDF-4611-B4E8-1954FDDB968F} = {610762E8-D284-4012-B7BA-192036CE241C}
		{BA9F3C4D-091B-470B-85D3-33EE475E2E6F} = {610762E8-D284-4012-B7BA-192036CE241C}
		{AD33CB69-1A29-4D3D-8EE0-D9CF4D53B45D} = {5B20F6FD-8C48-43C3-8EE7-6F8145ABEB64}
	EndGlobalSection
	GlobalSection(TestCaseManagementSettings) = postSolution
		CategoryFile = Proxy.vsmdi
	EndGlobalSection
EndGlobal
